// !$*UTF8*$!
{
	archiveVersion = 1;
	classes = {
	};
	objectVersion = 52;
	objects = {

/* Begin PBXBuildFile section */
		FD1BEDCC262B0760009E969A /* Assets.xcassets in Resources */ = {isa = PBXBuildFile; fileRef = FD1BEDCB262B0760009E969A /* Assets.xcassets */; };
		FD1BEDCF262B0760009E969A /* Preview Assets.xcassets in Resources */ = {isa = PBXBuildFile; fileRef = FD1BEDCE262B0760009E969A /* Preview Assets.xcassets */; };
		FD1BEDD9262B0791009E969A /* SwiftUIRedux Lib in Frameworks */ = {isa = PBXBuildFile; productRef = FD1BEDD8262B0791009E969A /* SwiftUIRedux Lib */; };
		FD1BEDDD262B07BA009E969A /* Primes.swift in Sources */ = {isa = PBXBuildFile; fileRef = FD1BEDDC262B07BA009E969A /* Primes.swift */; };
		FD1BEDE1262B0988009E969A /* CounterView.swift in Sources */ = {isa = PBXBuildFile; fileRef = FD1BEDE0262B0988009E969A /* CounterView.swift */; };
		FD1BEDE4262B0D0D009E969A /* AppState.swift in Sources */ = {isa = PBXBuildFile; fileRef = FD1BEDE3262B0D0D009E969A /* AppState.swift */; };
		FD1BEDE7262B0EF4009E969A /* PrimesAPI.swift in Sources */ = {isa = PBXBuildFile; fileRef = FD1BEDE6262B0EF4009E969A /* PrimesAPI.swift */; };
		FD1BEDEA262B0FBA009E969A /* PrimeModalView.swift in Sources */ = {isa = PBXBuildFile; fileRef = FD1BEDE9262B0FBA009E969A /* PrimeModalView.swift */; };
		FD1BEDEE262B5355009E969A /* FavoritePrimes.swift in Sources */ = {isa = PBXBuildFile; fileRef = FD1BEDED262B5355009E969A /* FavoritePrimes.swift */; };
/* End PBXBuildFile section */

/* Begin PBXFileReference section */
		FD1BEDC4262B0760009E969A /* Primes-SwiftUIRedux.app */ = {isa = PBXFileReference; explicitFileType = wrapper.application; includeInIndex = 0; path = "Primes-SwiftUIRedux.app"; sourceTree = BUILT_PRODUCTS_DIR; };
		FD1BEDCB262B0760009E969A /* Assets.xcassets */ = {isa = PBXFileReference; lastKnownFileType = folder.assetcatalog; path = Assets.xcassets; sourceTree = "<group>"; };
		FD1BEDCE262B0760009E969A /* Preview Assets.xcassets */ = {isa = PBXFileReference; lastKnownFileType = folder.assetcatalog; path = "Preview Assets.xcassets"; sourceTree = "<group>"; };
		FD1BEDD0262B0760009E969A /* Info.plist */ = {isa = PBXFileReference; lastKnownFileType = text.plist.xml; path = Info.plist; sourceTree = "<group>"; };
		FD1BEDDC262B07BA009E969A /* Primes.swift */ = {isa = PBXFileReference; fileEncoding = 4; lastKnownFileType = sourcecode.swift; path = Primes.swift; sourceTree = "<group>"; };
		FD1BEDE0262B0988009E969A /* CounterView.swift */ = {isa = PBXFileReference; lastKnownFileType = sourcecode.swift; path = CounterView.swift; sourceTree = "<group>"; };
		FD1BEDE3262B0D0D009E969A /* AppState.swift */ = {isa = PBXFileReference; lastKnownFileType = sourcecode.swift; path = AppState.swift; sourceTree = "<group>"; };
		FD1BEDE6262B0EF4009E969A /* PrimesAPI.swift */ = {isa = PBXFileReference; lastKnownFileType = sourcecode.swift; path = PrimesAPI.swift; sourceTree = "<group>"; };
		FD1BEDE9262B0FBA009E969A /* PrimeModalView.swift */ = {isa = PBXFileReference; lastKnownFileType = sourcecode.swift; path = PrimeModalView.swift; sourceTree = "<group>"; };
		FD1BEDED262B5355009E969A /* FavoritePrimes.swift */ = {isa = PBXFileReference; lastKnownFileType = sourcecode.swift; path = FavoritePrimes.swift; sourceTree = "<group>"; };
/* End PBXFileReference section */

/* Begin PBXFrameworksBuildPhase section */
		FD1BEDC1262B0760009E969A /* Frameworks */ = {
			isa = PBXFrameworksBuildPhase;
			buildActionMask = 2147483647;
			files = (
				FD1BEDD9262B0791009E969A /* SwiftUIRedux Lib in Frameworks */,
			);
			runOnlyForDeploymentPostprocessing = 0;
		};
/* End PBXFrameworksBuildPhase section */

/* Begin PBXGroup section */
		FD1BEDBB262B0760009E969A = {
			isa = PBXGroup;
			children = (
				FD1BEDC6262B0760009E969A /* Primes-SwiftUIRedux */,
				FD1BEDC5262B0760009E969A /* Products */,
			);
			sourceTree = "<group>";
		};
		FD1BEDC5262B0760009E969A /* Products */ = {
			isa = PBXGroup;
			children = (
				FD1BEDC4262B0760009E969A /* Primes-SwiftUIRedux.app */,
			);
			name = Products;
			sourceTree = "<group>";
		};
		FD1BEDC6262B0760009E969A /* Primes-SwiftUIRedux */ = {
			isa = PBXGroup;
			children = (
				FD1BEDE3262B0D0D009E969A /* AppState.swift */,
				FD1BEDE9262B0FBA009E969A /* PrimeModalView.swift */,
				FD1BEDDC262B07BA009E969A /* Primes.swift */,
				FD1BEDE0262B0988009E969A /* CounterView.swift */,
				FD1BEDE6262B0EF4009E969A /* PrimesAPI.swift */,
				FD1BEDED262B5355009E969A /* FavoritePrimes.swift */,
				FD1BEDCB262B0760009E969A /* Assets.xcassets */,
				FD1BEDD0262B0760009E969A /* Info.plist */,
				FD1BEDCD262B0760009E969A /* Preview Content */,
			);
			path = "Primes-SwiftUIRedux";
			sourceTree = "<group>";
		};
		FD1BEDCD262B0760009E969A /* Preview Content */ = {
			isa = PBXGroup;
			children = (
				FD1BEDCE262B0760009E969A /* Preview Assets.xcassets */,
			);
			path = "Preview Content";
			sourceTree = "<group>";
		};
/* End PBXGroup section */

/* Begin PBXNativeTarget section */
		FD1BEDC3262B0760009E969A /* Primes-SwiftUIRedux */ = {
			isa = PBXNativeTarget;
			buildConfigurationList = FD1BEDD3262B0760009E969A /* Build configuration list for PBXNativeTarget "Primes-SwiftUIRedux" */;
			buildPhases = (
				FD1BEDC0262B0760009E969A /* Sources */,
				FD1BEDC1262B0760009E969A /* Frameworks */,
				FD1BEDC2262B0760009E969A /* Resources */,
			);
			buildRules = (
			);
			dependencies = (
			);
			name = "Primes-SwiftUIRedux";
			packageProductDependencies = (
				FD1BEDD8262B0791009E969A /* SwiftUIRedux Lib */,
			);
			productName = "Primes-SwiftUIRedux";
			productReference = FD1BEDC4262B0760009E969A /* Primes-SwiftUIRedux.app */;
			productType = "com.apple.product-type.application";
		};
/* End PBXNativeTarget section */

/* Begin PBXProject section */
		FD1BEDBC262B0760009E969A /* Project object */ = {
			isa = PBXProject;
			attributes = {
				LastSwiftUpdateCheck = 1240;
				LastUpgradeCheck = 1240;
				TargetAttributes = {
					FD1BEDC3262B0760009E969A = {
						CreatedOnToolsVersion = 12.4;
					};
				};
			};
			buildConfigurationList = FD1BEDBF262B0760009E969A /* Build configuration list for PBXProject "Primes-SwiftUIRedux" */;
			compatibilityVersion = "Xcode 9.3";
			developmentRegion = en;
			hasScannedForEncodings = 0;
			knownRegions = (
				en,
				Base,
			);
			mainGroup = FD1BEDBB262B0760009E969A;
			packageReferences = (
				FD1BEDD7262B0791009E969A /* XCRemoteSwiftPackageReference "SwiftUIRedux" */,
			);
			productRefGroup = FD1BEDC5262B0760009E969A /* Products */;
			projectDirPath = "";
			projectRoot = "";
			targets = (
				FD1BEDC3262B0760009E969A /* Primes-SwiftUIRedux */,
			);
		};
/* End PBXProject section */

/* Begin PBXResourcesBuildPhase section */
		FD1BEDC2262B0760009E969A /* Resources */ = {
			isa = PBXResourcesBuildPhase;
			buildActionMask = 2147483647;
			files = (
				FD1BEDCF262B0760009E969A /* Preview Assets.xcassets in Resources */,
				FD1BEDCC262B0760009E969A /* Assets.xcassets in Resources */,
			);
			runOnlyForDeploymentPostprocessing = 0;
		};
/* End PBXResourcesBuildPhase section */

/* Begin PBXSourcesBuildPhase section */
		FD1BEDC0262B0760009E969A /* Sources */ = {
			isa = PBXSourcesBuildPhase;
			buildActionMask = 2147483647;
			files = (
				FD1BEDEA262B0FBA009E969A /* PrimeModalView.swift in Sources */,
				FD1BEDE7262B0EF4009E969A /* PrimesAPI.swift in Sources */,
				FD1BEDE4262B0D0D009E969A /* AppState.swift in Sources */,
				FD1BEDEE262B5355009E969A /* FavoritePrimes.swift in Sources */,
				FD1BEDDD262B07BA009E969A /* Primes.swift in Sources */,
				FD1BEDE1262B0988009E969A /* CounterView.swift in Sources */,
			);
			runOnlyForDeploymentPostprocessing = 0;
		};
/* End PBXSourcesBuildPhase section */

/* Begin XCBuildConfiguration section */
		FD1BEDD1262B0760009E969A /* Debug */ = {
			isa = XCBuildConfiguration;
			buildSettings = {
				ALWAYS_SEARCH_USER_PATHS = NO;
				CLANG_ANALYZER_NONNULL = YES;
				CLANG_ANALYZER_NUMBER_OBJECT_CONVERSION = YES_AGGRESSIVE;
				CLANG_CXX_LANGUAGE_STANDARD = "gnu++14";
				CLANG_CXX_LIBRARY = "libc++";
				CLANG_ENABLE_MODULES = YES;
				CLANG_ENABLE_OBJC_ARC = YES;
				CLANG_ENABLE_OBJC_WEAK = YES;
				CLANG_WARN_BLOCK_CAPTURE_AUTORELEASING = YES;
				CLANG_WARN_BOOL_CONVERSION = YES;
				CLANG_WARN_COMMA = YES;
				CLANG_WARN_CONSTANT_CONVERSION = YES;
				CLANG_WARN_DEPRECATED_OBJC_IMPLEMENTATIONS = YES;
				CLANG_WARN_DIRECT_OBJC_ISA_USAGE = YES_ERROR;
				CLANG_WARN_DOCUMENTATION_COMMENTS = YES;
				CLANG_WARN_EMPTY_BODY = YES;
				CLANG_WARN_ENUM_CONVERSION = YES;
				CLANG_WARN_INFINITE_RECURSION = YES;
				CLANG_WARN_INT_CONVERSION = YES;
				CLANG_WARN_NON_LITERAL_NULL_CONVERSION = YES;
				CLANG_WARN_OBJC_IMPLICIT_RETAIN_SELF = YES;
				CLANG_WARN_OBJC_LITERAL_CONVERSION = YES;
				CLANG_WARN_OBJC_ROOT_CLASS = YES_ERROR;
				CLANG_WARN_QUOTED_INCLUDE_IN_FRAMEWORK_HEADER = YES;
				CLANG_WARN_RANGE_LOOP_ANALYSIS = YES;
				CLANG_WARN_STRICT_PROTOTYPES = YES;
				CLANG_WARN_SUSPICIOUS_MOVE = YES;
				CLANG_WARN_UNGUARDED_AVAILABILITY = YES_AGGRESSIVE;
				CLANG_WARN_UNREACHABLE_CODE = YES;
				CLANG_WARN__DUPLICATE_METHOD_MATCH = YES;
				COPY_PHASE_STRIP = NO;
				DEBUG_INFORMATION_FORMAT = dwarf;
				ENABLE_STRICT_OBJC_MSGSEND = YES;
				ENABLE_TESTABILITY = YES;
				GCC_C_LANGUAGE_STANDARD = gnu11;
				GCC_DYNAMIC_NO_PIC = NO;
				GCC_NO_COMMON_BLOCKS = YES;
				GCC_OPTIMIZATION_LEVEL = 0;
				GCC_PREPROCESSOR_DEFINITIONS = (
					"DEBUG=1",
					"$(inherited)",
				);
				GCC_WARN_64_TO_32_BIT_CONVERSION = YES;
				GCC_WARN_ABOUT_RETURN_TYPE = YES_ERROR;
				GCC_WARN_UNDECLARED_SELECTOR = YES;
				GCC_WARN_UNINITIALIZED_AUTOS = YES_AGGRESSIVE;
				GCC_WARN_UNUSED_FUNCTION = YES;
				GCC_WARN_UNUSED_VARIABLE = YES;
				IPHONEOS_DEPLOYMENT_TARGET = 14.4;
				MTL_ENABLE_DEBUG_INFO = INCLUDE_SOURCE;
				MTL_FAST_MATH = YES;
				ONLY_ACTIVE_ARCH = YES;
				SDKROOT = iphoneos;
				SWIFT_ACTIVE_COMPILATION_CONDITIONS = DEBUG;
				SWIFT_OPTIMIZATION_LEVEL = "-Onone";
			};
			name = Debug;
		};
		FD1BEDD2262B0760009E969A /* Release */ = {
			isa = XCBuildConfiguration;
			buildSettings = {
				ALWAYS_SEARCH_USER_PATHS = NO;
				CLANG_ANALYZER_NONNULL = YES;
				CLANG_ANALYZER_NUMBER_OBJECT_CONVERSION = YES_AGGRESSIVE;
				CLANG_CXX_LANGUAGE_STANDARD = "gnu++14";
				CLANG_CXX_LIBRARY = "libc++";
				CLANG_ENABLE_MODULES = YES;
				CLANG_ENABLE_OBJC_ARC = YES;
				CLANG_ENABLE_OBJC_WEAK = YES;
				CLANG_WARN_BLOCK_CAPTURE_AUTORELEASING = YES;
				CLANG_WARN_BOOL_CONVERSION = YES;
				CLANG_WARN_COMMA = YES;
				CLANG_WARN_CONSTANT_CONVERSION = YES;
				CLANG_WARN_DEPRECATED_OBJC_IMPLEMENTATIONS = YES;
				CLANG_WARN_DIRECT_OBJC_ISA_USAGE = YES_ERROR;
				CLANG_WARN_DOCUMENTATION_COMMENTS = YES;
				CLANG_WARN_EMPTY_BODY = YES;
				CLANG_WARN_ENUM_CONVERSION = YES;
				CLANG_WARN_INFINITE_RECURSION = YES;
				CLANG_WARN_INT_CONVERSION = YES;
				CLANG_WARN_NON_LITERAL_NULL_CONVERSION = YES;
				CLANG_WARN_OBJC_IMPLICIT_RETAIN_SELF = YES;
				CLANG_WARN_OBJC_LITERAL_CONVERSION = YES;
				CLANG_WARN_OBJC_ROOT_CLASS = YES_ERROR;
				CLANG_WARN_QUOTED_INCLUDE_IN_FRAMEWORK_HEADER = YES;
				CLANG_WARN_RANGE_LOOP_ANALYSIS = YES;
				CLANG_WARN_STRICT_PROTOTYPES = YES;
				CLANG_WARN_SUSPICIOUS_MOVE = YES;
				CLANG_WARN_UNGUARDED_AVAILABILITY = YES_AGGRESSIVE;
				CLANG_WARN_UNREACHABLE_CODE = YES;
				CLANG_WARN__DUPLICATE_METHOD_MATCH = YES;
				COPY_PHASE_STRIP = NO;
				DEBUG_INFORMATION_FORMAT = "dwarf-with-dsym";
				ENABLE_NS_ASSERTIONS = NO;
				ENABLE_STRICT_OBJC_MSGSEND = YES;
				GCC_C_LANGUAGE_STANDARD = gnu11;
				GCC_NO_COMMON_BLOCKS = YES;
				GCC_WARN_64_TO_32_BIT_CONVERSION = YES;
				GCC_WARN_ABOUT_RETURN_TYPE = YES_ERROR;
				GCC_WARN_UNDECLARED_SELECTOR = YES;
				GCC_WARN_UNINITIALIZED_AUTOS = YES_AGGRESSIVE;
				GCC_WARN_UNUSED_FUNCTION = YES;
				GCC_WARN_UNUSED_VARIABLE = YES;
				IPHONEOS_DEPLOYMENT_TARGET = 14.4;
				MTL_ENABLE_DEBUG_INFO = NO;
				MTL_FAST_MATH = YES;
				SDKROOT = iphoneos;
				SWIFT_COMPILATION_MODE = wholemodule;
				SWIFT_OPTIMIZATION_LEVEL = "-O";
				VALIDATE_PRODUCT = YES;
			};
			name = Release;
		};
		FD1BEDD4262B0760009E969A /* Debug */ = {
			isa = XCBuildConfiguration;
			buildSettings = {
				ASSETCATALOG_COMPILER_APPICON_NAME = AppIcon;
				ASSETCATALOG_COMPILER_GLOBAL_ACCENT_COLOR_NAME = AccentColor;
				CODE_SIGN_STYLE = Automatic;
				DEVELOPMENT_ASSET_PATHS = "\"Primes-SwiftUIRedux/Preview Content\"";
				DEVELOPMENT_TEAM = HPXR38FW5T;
				ENABLE_PREVIEWS = YES;
				INFOPLIST_FILE = "Primes-SwiftUIRedux/Info.plist";
				IPHONEOS_DEPLOYMENT_TARGET = 14.0;
				LD_RUNPATH_SEARCH_PATHS = (
					"$(inherited)",
					"@executable_path/Frameworks",
				);
				PRODUCT_BUNDLE_IDENTIFIER = "pm.codedby.Primes-SwiftUIRedux";
				PRODUCT_NAME = "$(TARGET_NAME)";
				SWIFT_VERSION = 5.0;
				TARGETED_DEVICE_FAMILY = "1,2";
			};
			name = Debug;
		};
		FD1BEDD5262B0760009E969A /* Release */ = {
			isa = XCBuildConfiguration;
			buildSettings = {
				ASSETCATALOG_COMPILER_APPICON_NAME = AppIcon;
				ASSETCATALOG_COMPILER_GLOBAL_ACCENT_COLOR_NAME = AccentColor;
				CODE_SIGN_STYLE = Automatic;
				DEVELOPMENT_ASSET_PATHS = "\"Primes-SwiftUIRedux/Preview Content\"";
				DEVELOPMENT_TEAM = HPXR38FW5T;
				ENABLE_PREVIEWS = YES;
				INFOPLIST_FILE = "Primes-SwiftUIRedux/Info.plist";
				IPHONEOS_DEPLOYMENT_TARGET = 14.0;
				LD_RUNPATH_SEARCH_PATHS = (
					"$(inherited)",
					"@executable_path/Frameworks",
				);
				PRODUCT_BUNDLE_IDENTIFIER = "pm.codedby.Primes-SwiftUIRedux";
				PRODUCT_NAME = "$(TARGET_NAME)";
				SWIFT_VERSION = 5.0;
				TARGETED_DEVICE_FAMILY = "1,2";
			};
			name = Release;
		};
/* End XCBuildConfiguration section */

/* Begin XCConfigurationList section */
		FD1BEDBF262B0760009E969A /* Build configuration list for PBXProject "Primes-SwiftUIRedux" */ = {
			isa = XCConfigurationList;
			buildConfigurations = (
				FD1BEDD1262B0760009E969A /* Debug */,
				FD1BEDD2262B0760009E969A /* Release */,
			);
			defaultConfigurationIsVisible = 0;
			defaultConfigurationName = Release;
		};
		FD1BEDD3262B0760009E969A /* Build configuration list for PBXNativeTarget "Primes-SwiftUIRedux" */ = {
			isa = XCConfigurationList;
			buildConfigurations = (
				FD1BEDD4262B0760009E969A /* Debug */,
				FD1BEDD5262B0760009E969A /* Release */,
			);
			defaultConfigurationIsVisible = 0;
			defaultConfigurationName = Release;
		};
/* End XCConfigurationList section */

/* Begin XCRemoteSwiftPackageReference section */
		FD1BEDD7262B0791009E969A /* XCRemoteSwiftPackageReference "SwiftUIRedux" */ = {
			isa = XCRemoteSwiftPackageReference;
			repositoryURL = "git@github.com:codedbypm/SwiftUIRedux.git";
			requirement = {
				branch = main;
				kind = branch;
			};
		};
/* End XCRemoteSwiftPackageReference section */

/* Begin XCSwiftPackageProductDependency section */
		FD1BEDD8262B0791009E969A /* SwiftUIRedux Lib */ = {
			isa = XCSwiftPackageProductDependency;
			package = FD1BEDD7262B0791009E969A /* XCRemoteSwiftPackageReference "SwiftUIRedux" */;
			productName = "SwiftUIRedux Lib";
		};
/* End XCSwiftPackageProductDependency section */
	};
	rootObject = FD1BEDBC262B0760009E969A /* Project object */;
}
